
Microsoft Visual Studio Solution File, Format Version 12.00
# Visual Studio Version 17
VisualStudioVersion = 17.7.34031.279
MinimumVisualStudioVersion = 10.0.40219.1
Project("{FAE04EC0-301F-11D3-BF4B-00C04F79EFBC}") = "jbp_wapp", "jbp_wapp.csproj", "{32760EB3-CA03-4561-9610-AD85ACB6C587}"
EndProject
Global
	GlobalSection(SolutionConfigurationPlatforms) = preSolution
		Debug|Any CPU = Debug|Any CPU
		Release|Any CPU = Release|Any CPU
	EndGlobalSection
	GlobalSection(ProjectConfigurationPlatforms) = postSolution
		{32760EB3-CA03-4561-9610-AD85ACB6C587}.Debug|Any CPU.ActiveCfg = Debug|Any CPU
		{32760EB3-CA03-4561-9610-AD85ACB6C587}.Debug|Any CPU.Build.0 = Debug|Any CPU
		{32760EB3-CA03-4561-9610-AD85ACB6C587}.Release|Any CPU.ActiveCfg = Release|Any CPU
		{32760EB3-CA03-4561-9610-AD85ACB6C587}.Release|Any CPU.Build.0 = Release|Any CPU
	EndGlobalSection
	GlobalSection(SolutionProperties) = preSolution
		HideSolutionNode = FALSE
	EndGlobalSection
	GlobalSection(ExtensibilityGlobals) = postSolution
		SolutionGuid = {B38A3028-9F86-4614-ABBD-B880899EE1D4}
	EndGlobalSection
EndGlobal
